github.com/charmbracelet/lipgloss v0.9.1 h1:pn9e0pQFMBAr4+yMxmM2LXB8dQKQpFQGaPrUAqeS2I=
github.com/charmbracelet/log v0.3.1 h1:MsDWDczqCjcB4bbYNG/ZTQzZt+IiTQZs1mrOVfQ0iIw=
github.com/google/uuid v1.6.0 h1:NIvaJDMOsjHA8n1jAhLSgzrAzy1Hgr+hNrb57e+94F0=
github.com/spf13/viper v1.18.2 h1:LUXCnv/wSMlQqy4XB/u8Vs37f7RKsxSUIM6jE9E16SM=
maunium.net/go/mautrix v0.18.1 h1:hE2lpbhYJzj8/PM51lH6gI8eFXiF1M1jZB4lPdD8qfI=
